PODS:
  - Bolts/Tasks (1.5.0)
  - ChameleonFramework/Default (2.0.1)
  - ChameleonFramework/Swift (2.0.1):
    - ChameleonFramework/Default
  - Parse (1.9.1):
    - Bolts/Tasks (>= 1.4.0)
  - Realm (0.96.2):
    - Realm/Headers (= 0.96.2)
  - Realm/Headers (0.96.2)
  - RealmSwift (0.96.2):
    - Realm (= 0.96.2)

DEPENDENCIES:
  - ChameleonFramework/Swift
  - Parse
  - RealmSwift

SPEC CHECKSUMS:
  Bolts: 722ab9a4f8b50fc4ed1b9998a5a7a2b3f16d80b4
  ChameleonFramework: c8e3d76f1c86a607b3b8ea776880bc5148b70c1a
  Parse: 54a965c8c19a6dde90284ab654dbcc77ef8c001b
  Realm: 3ce8448151c571e90b85002d984d7f93f54fc8a3
  RealmSwift: 485599fe54e35461c4a0daa7d01d8fbf11424873

COCOAPODS: 0.39.0
