// !$*UTF8*$!
{
	archiveVersion = 1;
	classes = {
	};
	objectVersion = 46;
	objects = {

/* Begin PBXBuildFile section */
		66B59B4A1BF3887100AB456F /* UpdaterProtocol.swift in Sources */ = {isa = PBXBuildFile; fileRef = 66B59B491BF3887100AB456F /* UpdaterProtocol.swift */; };
		66B59B4C1BF388DA00AB456F /* SearchObject.swift in Sources */ = {isa = PBXBuildFile; fileRef = 66B59B4B1BF388DA00AB456F /* SearchObject.swift */; };
		66B59B4E1BF38A4000AB456F /* CacheProtocol.swift in Sources */ = {isa = PBXBuildFile; fileRef = 66B59B4D1BF38A4000AB456F /* CacheProtocol.swift */; };
		66B59B501BF38B1B00AB456F /* RecipeTag.swift in Sources */ = {isa = PBXBuildFile; fileRef = 66B59B4F1BF38B1B00AB456F /* RecipeTag.swift */; };
		9221B6831BA824BE0033F7B2 /* UserViewController.swift in Sources */ = {isa = PBXBuildFile; fileRef = 9221B6821BA824BE0033F7B2 /* UserViewController.swift */; };
		9221B6851BA829860033F7B2 /* UserRecipesViewController.swift in Sources */ = {isa = PBXBuildFile; fileRef = 9221B6841BA829860033F7B2 /* UserRecipesViewController.swift */; };
		9221B68A1BA8387B0033F7B2 /* RecipeGridViewController.swift in Sources */ = {isa = PBXBuildFile; fileRef = 9221B6891BA8387B0033F7B2 /* RecipeGridViewController.swift */; };
		9221B68C1BA839140033F7B2 /* MainTabBarController.swift in Sources */ = {isa = PBXBuildFile; fileRef = 9221B68B1BA839140033F7B2 /* MainTabBarController.swift */; };
		9228CDC41BB423560015118D /* CreateNewRecipeViewController.swift in Sources */ = {isa = PBXBuildFile; fileRef = 9228CDC31BB423560015118D /* CreateNewRecipeViewController.swift */; };
		92435A991BB19CFA00D66C76 /* SingleRecipeViewController.swift in Sources */ = {isa = PBXBuildFile; fileRef = 92435A981BB19CFA00D66C76 /* SingleRecipeViewController.swift */; };
		92464AEE1BB2AB78002531EE /* SingleRecipe.xcassets in Resources */ = {isa = PBXBuildFile; fileRef = 92464AED1BB2AB78002531EE /* SingleRecipe.xcassets */; };
		92464AF01BB2C504002531EE /* MassageTableViewController.swift in Sources */ = {isa = PBXBuildFile; fileRef = 92464AEF1BB2C504002531EE /* MassageTableViewController.swift */; };
		9275AAE51BA8763F00601788 /* UIColorHex.swift in Sources */ = {isa = PBXBuildFile; fileRef = 9275AAE41BA8763F00601788 /* UIColorHex.swift */; };
		928A42581B9467B20038726E /* AppDelegate.swift in Sources */ = {isa = PBXBuildFile; fileRef = 928A42571B9467B20038726E /* AppDelegate.swift */; };
		928A425D1B9467B20038726E /* Main.storyboard in Resources */ = {isa = PBXBuildFile; fileRef = 928A425B1B9467B20038726E /* Main.storyboard */; };
		928A425F1B9467B20038726E /* Images.xcassets in Resources */ = {isa = PBXBuildFile; fileRef = 928A425E1B9467B20038726E /* Images.xcassets */; };
		928A42621B9467B20038726E /* LaunchScreen.xib in Resources */ = {isa = PBXBuildFile; fileRef = 928A42601B9467B20038726E /* LaunchScreen.xib */; };
		928A426E1B9467B20038726E /* CookBookTests.swift in Sources */ = {isa = PBXBuildFile; fileRef = 928A426D1B9467B20038726E /* CookBookTests.swift */; };
		928A427A1B94694C0038726E /* RecipesListDelegate.swift in Sources */ = {isa = PBXBuildFile; fileRef = 928A42791B94694C0038726E /* RecipesListDelegate.swift */; };
		928A427F1B9471E80038726E /* RecipeCell.swift in Sources */ = {isa = PBXBuildFile; fileRef = 928A427E1B9471E80038726E /* RecipeCell.swift */; };
		928A42821B94726F0038726E /* RecipeModel.swift in Sources */ = {isa = PBXBuildFile; fileRef = 928A42811B94726F0038726E /* RecipeModel.swift */; };
		928A42871B94748F0038726E /* Photos.plist in Resources */ = {isa = PBXBuildFile; fileRef = 928A42861B94748F0038726E /* Photos.plist */; };
		928A428C1B9475150038726E /* UIImageDecompresion.swift in Sources */ = {isa = PBXBuildFile; fileRef = 928A428B1B9475150038726E /* UIImageDecompresion.swift */; };
		928A428F1B94754B0038726E /* MainLayout.swift in Sources */ = {isa = PBXBuildFile; fileRef = 928A428E1B94754B0038726E /* MainLayout.swift */; };
		928A42911B94780F0038726E /* RoundedCornersCell.swift in Sources */ = {isa = PBXBuildFile; fileRef = 928A42901B94780F0038726E /* RoundedCornersCell.swift */; };
		928A42931B9480BD0038726E /* RecipesTemp.xcassets in Resources */ = {isa = PBXBuildFile; fileRef = 928A42921B9480BD0038726E /* RecipesTemp.xcassets */; };
		92B151501BF383D50047B6B8 /* Cache.swift in Sources */ = {isa = PBXBuildFile; fileRef = 92B1514F1BF383D50047B6B8 /* Cache.swift */; };
		92BA0C741B972F0300E08DD8 /* RoundedImageView.swift in Sources */ = {isa = PBXBuildFile; fileRef = 92BA0C731B972F0300E08DD8 /* RoundedImageView.swift */; };
		92CECF1F1BBEC8CA00267B68 /* Cells.swift in Sources */ = {isa = PBXBuildFile; fileRef = 92CECF1E1BBEC8CA00267B68 /* Cells.swift */; };
		92CECF211BBEC95700267B68 /* SeachForUsersViewCOntroller.swift in Sources */ = {isa = PBXBuildFile; fileRef = 92CECF201BBEC95700267B68 /* SeachForUsersViewCOntroller.swift */; };
		92E84C151BAFFAFC0067F06A /* SearchViewController.swift in Sources */ = {isa = PBXBuildFile; fileRef = 92E84C141BAFFAFC0067F06A /* SearchViewController.swift */; };
		92E84C181BB010510067F06A /* FolowersTableViewController.swift in Sources */ = {isa = PBXBuildFile; fileRef = 92E84C171BB010510067F06A /* FolowersTableViewController.swift */; };
		92E84C1A1BB010FC0067F06A /* MenuTableViewController.swift in Sources */ = {isa = PBXBuildFile; fileRef = 92E84C191BB010FC0067F06A /* MenuTableViewController.swift */; };
		BDD39890F54D982CCAFCC9BA /* Pods_CookBook.framework in Frameworks */ = {isa = PBXBuildFile; fileRef = EF04378D7190799AC3FAAB52 /* Pods_CookBook.framework */; };
/* End PBXBuildFile section */

/* Begin PBXContainerItemProxy section */
		928A42681B9467B20038726E /* PBXContainerItemProxy */ = {
			isa = PBXContainerItemProxy;
			containerPortal = 928A424A1B9467B20038726E /* Project object */;
			proxyType = 1;
			remoteGlobalIDString = 928A42511B9467B20038726E;
			remoteInfo = CookBook;
		};
/* End PBXContainerItemProxy section */

/* Begin PBXFileReference section */
		0D0D61504AEFF14409B5942D /* Pods-CookBook.release.xcconfig */ = {isa = PBXFileReference; includeInIndex = 1; lastKnownFileType = text.xcconfig; name = "Pods-CookBook.release.xcconfig"; path = "Pods/Target Support Files/Pods-CookBook/Pods-CookBook.release.xcconfig"; sourceTree = "<group>"; };
		66B59B491BF3887100AB456F /* UpdaterProtocol.swift */ = {isa = PBXFileReference; fileEncoding = 4; lastKnownFileType = sourcecode.swift; path = UpdaterProtocol.swift; sourceTree = "<group>"; };
		66B59B4B1BF388DA00AB456F /* SearchObject.swift */ = {isa = PBXFileReference; fileEncoding = 4; lastKnownFileType = sourcecode.swift; path = SearchObject.swift; sourceTree = "<group>"; };
		66B59B4D1BF38A4000AB456F /* CacheProtocol.swift */ = {isa = PBXFileReference; fileEncoding = 4; lastKnownFileType = sourcecode.swift; path = CacheProtocol.swift; sourceTree = "<group>"; };
		66B59B4F1BF38B1B00AB456F /* RecipeTag.swift */ = {isa = PBXFileReference; fileEncoding = 4; lastKnownFileType = sourcecode.swift; path = RecipeTag.swift; sourceTree = "<group>"; };
		9221B6821BA824BE0033F7B2 /* UserViewController.swift */ = {isa = PBXFileReference; fileEncoding = 4; lastKnownFileType = sourcecode.swift; path = UserViewController.swift; sourceTree = "<group>"; };
		9221B6841BA829860033F7B2 /* UserRecipesViewController.swift */ = {isa = PBXFileReference; fileEncoding = 4; lastKnownFileType = sourcecode.swift; path = UserRecipesViewController.swift; sourceTree = "<group>"; };
		9221B6891BA8387B0033F7B2 /* RecipeGridViewController.swift */ = {isa = PBXFileReference; fileEncoding = 4; lastKnownFileType = sourcecode.swift; path = RecipeGridViewController.swift; sourceTree = "<group>"; };
		9221B68B1BA839140033F7B2 /* MainTabBarController.swift */ = {isa = PBXFileReference; fileEncoding = 4; lastKnownFileType = sourcecode.swift; path = MainTabBarController.swift; sourceTree = "<group>"; };
		9228CDC31BB423560015118D /* CreateNewRecipeViewController.swift */ = {isa = PBXFileReference; fileEncoding = 4; lastKnownFileType = sourcecode.swift; path = CreateNewRecipeViewController.swift; sourceTree = "<group>"; };
		92435A981BB19CFA00D66C76 /* SingleRecipeViewController.swift */ = {isa = PBXFileReference; fileEncoding = 4; lastKnownFileType = sourcecode.swift; path = SingleRecipeViewController.swift; sourceTree = "<group>"; };
		92464AED1BB2AB78002531EE /* SingleRecipe.xcassets */ = {isa = PBXFileReference; lastKnownFileType = folder.assetcatalog; path = SingleRecipe.xcassets; sourceTree = "<group>"; };
		92464AEF1BB2C504002531EE /* MassageTableViewController.swift */ = {isa = PBXFileReference; fileEncoding = 4; lastKnownFileType = sourcecode.swift; path = MassageTableViewController.swift; sourceTree = "<group>"; };
		9275AAE41BA8763F00601788 /* UIColorHex.swift */ = {isa = PBXFileReference; fileEncoding = 4; lastKnownFileType = sourcecode.swift; path = UIColorHex.swift; sourceTree = "<group>"; };
		928A42521B9467B20038726E /* CookBook.app */ = {isa = PBXFileReference; explicitFileType = wrapper.application; includeInIndex = 0; path = CookBook.app; sourceTree = BUILT_PRODUCTS_DIR; };
		928A42561B9467B20038726E /* Info.plist */ = {isa = PBXFileReference; lastKnownFileType = text.plist.xml; path = Info.plist; sourceTree = "<group>"; };
		928A42571B9467B20038726E /* AppDelegate.swift */ = {isa = PBXFileReference; lastKnownFileType = sourcecode.swift; path = AppDelegate.swift; sourceTree = "<group>"; };
		928A425C1B9467B20038726E /* Base */ = {isa = PBXFileReference; lastKnownFileType = file.storyboard; name = Base; path = Base.lproj/Main.storyboard; sourceTree = "<group>"; };
		928A425E1B9467B20038726E /* Images.xcassets */ = {isa = PBXFileReference; lastKnownFileType = folder.assetcatalog; path = Images.xcassets; sourceTree = "<group>"; };
		928A42611B9467B20038726E /* Base */ = {isa = PBXFileReference; lastKnownFileType = file.xib; name = Base; path = Base.lproj/LaunchScreen.xib; sourceTree = "<group>"; };
		928A42671B9467B20038726E /* CookBookTests.xctest */ = {isa = PBXFileReference; explicitFileType = wrapper.cfbundle; includeInIndex = 0; path = CookBookTests.xctest; sourceTree = BUILT_PRODUCTS_DIR; };
		928A426C1B9467B20038726E /* Info.plist */ = {isa = PBXFileReference; lastKnownFileType = text.plist.xml; path = Info.plist; sourceTree = "<group>"; };
		928A426D1B9467B20038726E /* CookBookTests.swift */ = {isa = PBXFileReference; lastKnownFileType = sourcecode.swift; path = CookBookTests.swift; sourceTree = "<group>"; };
		928A42791B94694C0038726E /* RecipesListDelegate.swift */ = {isa = PBXFileReference; fileEncoding = 4; lastKnownFileType = sourcecode.swift; path = RecipesListDelegate.swift; sourceTree = "<group>"; };
		928A427E1B9471E80038726E /* RecipeCell.swift */ = {isa = PBXFileReference; fileEncoding = 4; lastKnownFileType = sourcecode.swift; path = RecipeCell.swift; sourceTree = "<group>"; };
		928A42811B94726F0038726E /* RecipeModel.swift */ = {isa = PBXFileReference; fileEncoding = 4; lastKnownFileType = sourcecode.swift; path = RecipeModel.swift; sourceTree = "<group>"; };
		928A42861B94748F0038726E /* Photos.plist */ = {isa = PBXFileReference; fileEncoding = 4; lastKnownFileType = text.plist.xml; path = Photos.plist; sourceTree = "<group>"; };
		928A428B1B9475150038726E /* UIImageDecompresion.swift */ = {isa = PBXFileReference; fileEncoding = 4; lastKnownFileType = sourcecode.swift; path = UIImageDecompresion.swift; sourceTree = "<group>"; };
		928A428E1B94754B0038726E /* MainLayout.swift */ = {isa = PBXFileReference; fileEncoding = 4; lastKnownFileType = sourcecode.swift; path = MainLayout.swift; sourceTree = "<group>"; };
		928A42901B94780F0038726E /* RoundedCornersCell.swift */ = {isa = PBXFileReference; fileEncoding = 4; lastKnownFileType = sourcecode.swift; path = RoundedCornersCell.swift; sourceTree = "<group>"; };
		928A42921B9480BD0038726E /* RecipesTemp.xcassets */ = {isa = PBXFileReference; lastKnownFileType = folder.assetcatalog; name = RecipesTemp.xcassets; path = ../RecipesTemp.xcassets; sourceTree = "<group>"; };
		92B1514F1BF383D50047B6B8 /* Cache.swift */ = {isa = PBXFileReference; fileEncoding = 4; lastKnownFileType = sourcecode.swift; path = Cache.swift; sourceTree = "<group>"; };
		92BA0C731B972F0300E08DD8 /* RoundedImageView.swift */ = {isa = PBXFileReference; fileEncoding = 4; lastKnownFileType = sourcecode.swift; path = RoundedImageView.swift; sourceTree = "<group>"; };
		92CECF1E1BBEC8CA00267B68 /* Cells.swift */ = {isa = PBXFileReference; fileEncoding = 4; lastKnownFileType = sourcecode.swift; path = Cells.swift; sourceTree = "<group>"; };
		92CECF201BBEC95700267B68 /* SeachForUsersViewCOntroller.swift */ = {isa = PBXFileReference; fileEncoding = 4; lastKnownFileType = sourcecode.swift; path = SeachForUsersViewCOntroller.swift; sourceTree = "<group>"; };
		92E84C141BAFFAFC0067F06A /* SearchViewController.swift */ = {isa = PBXFileReference; fileEncoding = 4; lastKnownFileType = sourcecode.swift; path = SearchViewController.swift; sourceTree = "<group>"; };
		92E84C171BB010510067F06A /* FolowersTableViewController.swift */ = {isa = PBXFileReference; fileEncoding = 4; lastKnownFileType = sourcecode.swift; path = FolowersTableViewController.swift; sourceTree = "<group>"; };
		92E84C191BB010FC0067F06A /* MenuTableViewController.swift */ = {isa = PBXFileReference; fileEncoding = 4; lastKnownFileType = sourcecode.swift; path = MenuTableViewController.swift; sourceTree = "<group>"; };
		EF04378D7190799AC3FAAB52 /* Pods_CookBook.framework */ = {isa = PBXFileReference; explicitFileType = wrapper.framework; includeInIndex = 0; path = Pods_CookBook.framework; sourceTree = BUILT_PRODUCTS_DIR; };
		F11A9137C6CB2CFBB6A587FD /* Pods-CookBook.debug.xcconfig */ = {isa = PBXFileReference; includeInIndex = 1; lastKnownFileType = text.xcconfig; name = "Pods-CookBook.debug.xcconfig"; path = "Pods/Target Support Files/Pods-CookBook/Pods-CookBook.debug.xcconfig"; sourceTree = "<group>"; };
/* End PBXFileReference section */

/* Begin PBXFrameworksBuildPhase section */
		928A424F1B9467B20038726E /* Frameworks */ = {
			isa = PBXFrameworksBuildPhase;
			buildActionMask = 2147483647;
			files = (
				BDD39890F54D982CCAFCC9BA /* Pods_CookBook.framework in Frameworks */,
			);
			runOnlyForDeploymentPostprocessing = 0;
		};
		928A42641B9467B20038726E /* Frameworks */ = {
			isa = PBXFrameworksBuildPhase;
			buildActionMask = 2147483647;
			files = (
			);
			runOnlyForDeploymentPostprocessing = 0;
		};
/* End PBXFrameworksBuildPhase section */

/* Begin PBXGroup section */
		6759D2ED15240AC0FE462238 /* Pods */ = {
			isa = PBXGroup;
			children = (
				F11A9137C6CB2CFBB6A587FD /* Pods-CookBook.debug.xcconfig */,
				0D0D61504AEFF14409B5942D /* Pods-CookBook.release.xcconfig */,
			);
			name = Pods;
			sourceTree = "<group>";
		};
		9221B6811BA817F80033F7B2 /* Resource */ = {
			isa = PBXGroup;
			children = (
				928A425B1B9467B20038726E /* Main.storyboard */,
				928A425E1B9467B20038726E /* Images.xcassets */,
				928A42921B9480BD0038726E /* RecipesTemp.xcassets */,
				928A42601B9467B20038726E /* LaunchScreen.xib */,
				92464AED1BB2AB78002531EE /* SingleRecipe.xcassets */,
			);
			name = Resource;
			sourceTree = "<group>";
		};
		9228CDC21BB423160015118D /* NewRecipeModule */ = {
			isa = PBXGroup;
			children = (
				9228CDC31BB423560015118D /* CreateNewRecipeViewController.swift */,
			);
			name = NewRecipeModule;
			sourceTree = "<group>";
		};
		928A42491B9467B20038726E = {
			isa = PBXGroup;
			children = (
				928A42541B9467B20038726E /* CookBook */,
				928A426A1B9467B20038726E /* CookBookTests */,
				928A42531B9467B20038726E /* Products */,
				6759D2ED15240AC0FE462238 /* Pods */,
				F9D17151C767DEC6544E2EF8 /* Frameworks */,
			);
			sourceTree = "<group>";
		};
		928A42531B9467B20038726E /* Products */ = {
			isa = PBXGroup;
			children = (
				928A42521B9467B20038726E /* CookBook.app */,
				928A42671B9467B20038726E /* CookBookTests.xctest */,
			);
			name = Products;
			sourceTree = "<group>";
		};
		928A42541B9467B20038726E /* CookBook */ = {
			isa = PBXGroup;
			children = (
				92970A081BF36C5A006B1B7C /* MainScreenModule */,
				9228CDC21BB423160015118D /* NewRecipeModule */,
				92970A101BF36F04006B1B7C /* NewsModule */,
				92970A0F1BF36EB9006B1B7C /* SignleRecipeModule */,
				928A428A1B9474F10038726E /* Extension */,
				928A42831B9472D40038726E /* Assets */,
				928A42801B94725A0038726E /* Models */,
				928A427D1B9471CA0038726E /* Views */,
				928A42571B9467B20038726E /* AppDelegate.swift */,
				9221B6811BA817F80033F7B2 /* Resource */,
				928A42551B9467B20038726E /* Supporting Files */,
			);
			path = CookBook;
			sourceTree = "<group>";
		};
		928A42551B9467B20038726E /* Supporting Files */ = {
			isa = PBXGroup;
			children = (
				928A42561B9467B20038726E /* Info.plist */,
			);
			name = "Supporting Files";
			sourceTree = "<group>";
		};
		928A426A1B9467B20038726E /* CookBookTests */ = {
			isa = PBXGroup;
			children = (
				928A426D1B9467B20038726E /* CookBookTests.swift */,
				928A426B1B9467B20038726E /* Supporting Files */,
			);
			path = CookBookTests;
			sourceTree = "<group>";
		};
		928A426B1B9467B20038726E /* Supporting Files */ = {
			isa = PBXGroup;
			children = (
				928A426C1B9467B20038726E /* Info.plist */,
			);
			name = "Supporting Files";
			sourceTree = "<group>";
		};
		928A42781B94692F0038726E /* Delegates */ = {
			isa = PBXGroup;
			children = (
				928A42791B94694C0038726E /* RecipesListDelegate.swift */,
			);
			name = Delegates;
			sourceTree = "<group>";
		};
		928A427D1B9471CA0038726E /* Views */ = {
			isa = PBXGroup;
			children = (
				928A427E1B9471E80038726E /* RecipeCell.swift */,
				92CECF1E1BBEC8CA00267B68 /* Cells.swift */,
			);
			name = Views;
			sourceTree = "<group>";
		};
		928A42801B94725A0038726E /* Models */ = {
			isa = PBXGroup;
			children = (
				928A42811B94726F0038726E /* RecipeModel.swift */,
			);
			name = Models;
			sourceTree = "<group>";
		};
		928A42831B9472D40038726E /* Assets */ = {
			isa = PBXGroup;
			children = (
				928A42861B94748F0038726E /* Photos.plist */,
			);
			name = Assets;
			sourceTree = "<group>";
		};
		928A428A1B9474F10038726E /* Extension */ = {
			isa = PBXGroup;
			children = (
				928A428B1B9475150038726E /* UIImageDecompresion.swift */,
				928A42901B94780F0038726E /* RoundedCornersCell.swift */,
				92BA0C731B972F0300E08DD8 /* RoundedImageView.swift */,
				9275AAE41BA8763F00601788 /* UIColorHex.swift */,
			);
			name = Extension;
			sourceTree = "<group>";
		};
		92970A081BF36C5A006B1B7C /* MainScreenModule */ = {
			isa = PBXGroup;
			children = (
				9221B68B1BA839140033F7B2 /* MainTabBarController.swift */,
				92970A0A1BF36D26006B1B7C /* UserModule */,
				92970A091BF36D1C006B1B7C /* SearchModule */,
				928A42781B94692F0038726E /* Delegates */,
			);
			name = MainScreenModule;
			sourceTree = "<group>";
		};
		92970A091BF36D1C006B1B7C /* SearchModule */ = {
			isa = PBXGroup;
			children = (
				92970A0E1BF36E69006B1B7C /* Updater */,
				92970A0D1BF36E5F006B1B7C /* Cache */,
				92970A0C1BF36E2B006B1B7C /* SearchBuilder */,
				92970A0B1BF36DF1006B1B7C /* GridLayout */,
				66B59B4F1BF38B1B00AB456F /* RecipeTag.swift */,
			);
			name = SearchModule;
			sourceTree = "<group>";
		};
		92970A0A1BF36D26006B1B7C /* UserModule */ = {
			isa = PBXGroup;
			children = (
				92CECF201BBEC95700267B68 /* SeachForUsersViewCOntroller.swift */,
				9221B6821BA824BE0033F7B2 /* UserViewController.swift */,
				92E84C171BB010510067F06A /* FolowersTableViewController.swift */,
				92E84C191BB010FC0067F06A /* MenuTableViewController.swift */,
				9221B6841BA829860033F7B2 /* UserRecipesViewController.swift */,
			);
			name = UserModule;
			sourceTree = "<group>";
		};
		92970A0B1BF36DF1006B1B7C /* GridLayout */ = {
			isa = PBXGroup;
			children = (
				928A428E1B94754B0038726E /* MainLayout.swift */,
				9221B6891BA8387B0033F7B2 /* RecipeGridViewController.swift */,
			);
			name = GridLayout;
			sourceTree = "<group>";
		};
		92970A0C1BF36E2B006B1B7C /* SearchBuilder */ = {
			isa = PBXGroup;
			children = (
				92E84C141BAFFAFC0067F06A /* SearchViewController.swift */,
				66B59B4B1BF388DA00AB456F /* SearchObject.swift */,
			);
			name = SearchBuilder;
			sourceTree = "<group>";
		};
		92970A0D1BF36E5F006B1B7C /* Cache */ = {
			isa = PBXGroup;
			children = (
				92B1514F1BF383D50047B6B8 /* Cache.swift */,
			);
			name = Cache;
			sourceTree = "<group>";
		};
		92970A0E1BF36E69006B1B7C /* Updater */ = {
			isa = PBXGroup;
			children = (
				66B59B491BF3887100AB456F /* UpdaterProtocol.swift */,
			);
			name = Updater;
			sourceTree = "<group>";
		};
		92970A0F1BF36EB9006B1B7C /* SignleRecipeModule */ = {
			isa = PBXGroup;
			children = (
				92435A981BB19CFA00D66C76 /* SingleRecipeViewController.swift */,
			);
			name = SignleRecipeModule;
			sourceTree = "<group>";
		};
		92970A101BF36F04006B1B7C /* NewsModule */ = {
			isa = PBXGroup;
			children = (
				92464AEF1BB2C504002531EE /* MassageTableViewController.swift */,
			);
			name = NewsModule;
			sourceTree = "<group>";
		};
		F9D17151C767DEC6544E2EF8 /* Frameworks */ = {
			isa = PBXGroup;
			children = (
				EF04378D7190799AC3FAAB52 /* Pods_CookBook.framework */,
			);
			name = Frameworks;
			sourceTree = "<group>";
		};
/* End PBXGroup section */

/* Begin PBXNativeTarget section */
		928A42511B9467B20038726E /* CookBook */ = {
			isa = PBXNativeTarget;
			buildConfigurationList = 928A42711B9467B20038726E /* Build configuration list for PBXNativeTarget "CookBook" */;
			buildPhases = (
				C7EF9F2D4D96C5BF25369EAE /* Check Pods Manifest.lock */,
				928A424E1B9467B20038726E /* Sources */,
				928A424F1B9467B20038726E /* Frameworks */,
				928A42501B9467B20038726E /* Resources */,
				F823BE6BB48E95E527FF5DC7 /* Embed Pods Frameworks */,
				F1CB761A910B6C36D36775B5 /* Copy Pods Resources */,
			);
			buildRules = (
			);
			dependencies = (
			);
			name = CookBook;
			productName = CookBook;
			productReference = 928A42521B9467B20038726E /* CookBook.app */;
			productType = "com.apple.product-type.application";
		};
		928A42661B9467B20038726E /* CookBookTests */ = {
			isa = PBXNativeTarget;
			buildConfigurationList = 928A42741B9467B20038726E /* Build configuration list for PBXNativeTarget "CookBookTests" */;
			buildPhases = (
				928A42631B9467B20038726E /* Sources */,
				928A42641B9467B20038726E /* Frameworks */,
				928A42651B9467B20038726E /* Resources */,
			);
			buildRules = (
			);
			dependencies = (
				928A42691B9467B20038726E /* PBXTargetDependency */,
			);
			name = CookBookTests;
			productName = CookBookTests;
			productReference = 928A42671B9467B20038726E /* CookBookTests.xctest */;
			productType = "com.apple.product-type.bundle.unit-test";
		};
/* End PBXNativeTarget section */

/* Begin PBXProject section */
		928A424A1B9467B20038726E /* Project object */ = {
			isa = PBXProject;
			attributes = {
				LastSwiftMigration = 0700;
				LastSwiftUpdateCheck = 0700;
				LastUpgradeCheck = 0640;
				ORGANIZATIONNAME = integer;
				TargetAttributes = {
					928A42511B9467B20038726E = {
						CreatedOnToolsVersion = 6.4;
						DevelopmentTeam = Y4NQE77REC;
					};
					928A42661B9467B20038726E = {
						CreatedOnToolsVersion = 6.4;
						TestTargetID = 928A42511B9467B20038726E;
					};
				};
			};
			buildConfigurationList = 928A424D1B9467B20038726E /* Build configuration list for PBXProject "CookBook" */;
			compatibilityVersion = "Xcode 3.2";
			developmentRegion = English;
			hasScannedForEncodings = 0;
			knownRegions = (
				en,
				Base,
			);
			mainGroup = 928A42491B9467B20038726E;
			productRefGroup = 928A42531B9467B20038726E /* Products */;
			projectDirPath = "";
			projectRoot = "";
			targets = (
				928A42511B9467B20038726E /* CookBook */,
				928A42661B9467B20038726E /* CookBookTests */,
			);
		};
/* End PBXProject section */

/* Begin PBXResourcesBuildPhase section */
		928A42501B9467B20038726E /* Resources */ = {
			isa = PBXResourcesBuildPhase;
			buildActionMask = 2147483647;
			files = (
				928A42931B9480BD0038726E /* RecipesTemp.xcassets in Resources */,
				92464AEE1BB2AB78002531EE /* SingleRecipe.xcassets in Resources */,
				928A425D1B9467B20038726E /* Main.storyboard in Resources */,
				928A42621B9467B20038726E /* LaunchScreen.xib in Resources */,
				928A425F1B9467B20038726E /* Images.xcassets in Resources */,
				928A42871B94748F0038726E /* Photos.plist in Resources */,
			);
			runOnlyForDeploymentPostprocessing = 0;
		};
		928A42651B9467B20038726E /* Resources */ = {
			isa = PBXResourcesBuildPhase;
			buildActionMask = 2147483647;
			files = (
			);
			runOnlyForDeploymentPostprocessing = 0;
		};
/* End PBXResourcesBuildPhase section */

/* Begin PBXShellScriptBuildPhase section */
		C7EF9F2D4D96C5BF25369EAE /* Check Pods Manifest.lock */ = {
			isa = PBXShellScriptBuildPhase;
			buildActionMask = 2147483647;
			files = (
			);
			inputPaths = (
			);
			name = "Check Pods Manifest.lock";
			outputPaths = (
			);
			runOnlyForDeploymentPostprocessing = 0;
			shellPath = /bin/sh;
			shellScript = "diff \"${PODS_ROOT}/../Podfile.lock\" \"${PODS_ROOT}/Manifest.lock\" > /dev/null\nif [[ $? != 0 ]] ; then\n    cat << EOM\nerror: The sandbox is not in sync with the Podfile.lock. Run 'pod install' or update your CocoaPods installation.\nEOM\n    exit 1\nfi\n";
			showEnvVarsInLog = 0;
		};
		F1CB761A910B6C36D36775B5 /* Copy Pods Resources */ = {
			isa = PBXShellScriptBuildPhase;
			buildActionMask = 2147483647;
			files = (
			);
			inputPaths = (
			);
			name = "Copy Pods Resources";
			outputPaths = (
			);
			runOnlyForDeploymentPostprocessing = 0;
			shellPath = /bin/sh;
			shellScript = "\"${SRCROOT}/Pods/Target Support Files/Pods-CookBook/Pods-CookBook-resources.sh\"\n";
			showEnvVarsInLog = 0;
		};
		F823BE6BB48E95E527FF5DC7 /* Embed Pods Frameworks */ = {
			isa = PBXShellScriptBuildPhase;
			buildActionMask = 2147483647;
			files = (
			);
			inputPaths = (
			);
			name = "Embed Pods Frameworks";
			outputPaths = (
			);
			runOnlyForDeploymentPostprocessing = 0;
			shellPath = /bin/sh;
			shellScript = "\"${SRCROOT}/Pods/Target Support Files/Pods-CookBook/Pods-CookBook-frameworks.sh\"\n";
			showEnvVarsInLog = 0;
		};
/* End PBXShellScriptBuildPhase section */

/* Begin PBXSourcesBuildPhase section */
		928A424E1B9467B20038726E /* Sources */ = {
			isa = PBXSourcesBuildPhase;
			buildActionMask = 2147483647;
			files = (
				92464AF01BB2C504002531EE /* MassageTableViewController.swift in Sources */,
				92CECF211BBEC95700267B68 /* SeachForUsersViewCOntroller.swift in Sources */,
				928A42911B94780F0038726E /* RoundedCornersCell.swift in Sources */,
				92435A991BB19CFA00D66C76 /* SingleRecipeViewController.swift in Sources */,
				92B151501BF383D50047B6B8 /* Cache.swift in Sources */,
				9221B6831BA824BE0033F7B2 /* UserViewController.swift in Sources */,
				928A42821B94726F0038726E /* RecipeModel.swift in Sources */,
				928A428F1B94754B0038726E /* MainLayout.swift in Sources */,
				92E84C1A1BB010FC0067F06A /* MenuTableViewController.swift in Sources */,
				9221B6851BA829860033F7B2 /* UserRecipesViewController.swift in Sources */,
				9221B68A1BA8387B0033F7B2 /* RecipeGridViewController.swift in Sources */,
				92CECF1F1BBEC8CA00267B68 /* Cells.swift in Sources */,
				92E84C181BB010510067F06A /* FolowersTableViewController.swift in Sources */,
				9221B68C1BA839140033F7B2 /* MainTabBarController.swift in Sources */,
				928A428C1B9475150038726E /* UIImageDecompresion.swift in Sources */,
				92E84C151BAFFAFC0067F06A /* SearchViewController.swift in Sources */,
				9228CDC41BB423560015118D /* CreateNewRecipeViewController.swift in Sources */,
				928A427F1B9471E80038726E /* RecipeCell.swift in Sources */,
				928A427A1B94694C0038726E /* RecipesListDelegate.swift in Sources */,
				9275AAE51BA8763F00601788 /* UIColorHex.swift in Sources */,
				66B59B4C1BF388DA00AB456F /* SearchObject.swift in Sources */,
				928A42581B9467B20038726E /* AppDelegate.swift in Sources */,
				66B59B4E1BF38A4000AB456F /* CacheProtocol.swift in Sources */,
				66B59B4A1BF3887100AB456F /* UpdaterProtocol.swift in Sources */,
				66B59B501BF38B1B00AB456F /* RecipeTag.swift in Sources */,
				92BA0C741B972F0300E08DD8 /* RoundedImageView.swift in Sources */,
			);
			runOnlyForDeploymentPostprocessing = 0;
		};
		928A42631B9467B20038726E /* Sources */ = {
			isa = PBXSourcesBuildPhase;
			buildActionMask = 2147483647;
			files = (
				928A426E1B9467B20038726E /* CookBookTests.swift in Sources */,
			);
			runOnlyForDeploymentPostprocessing = 0;
		};
/* End PBXSourcesBuildPhase section */

/* Begin PBXTargetDependency section */
		928A42691B9467B20038726E /* PBXTargetDependency */ = {
			isa = PBXTargetDependency;
			target = 928A42511B9467B20038726E /* CookBook */;
			targetProxy = 928A42681B9467B20038726E /* PBXContainerItemProxy */;
		};
/* End PBXTargetDependency section */

/* Begin PBXVariantGroup section */
		928A425B1B9467B20038726E /* Main.storyboard */ = {
			isa = PBXVariantGroup;
			children = (
				928A425C1B9467B20038726E /* Base */,
			);
			name = Main.storyboard;
			sourceTree = "<group>";
		};
		928A42601B9467B20038726E /* LaunchScreen.xib */ = {
			isa = PBXVariantGroup;
			children = (
				928A42611B9467B20038726E /* Base */,
			);
			name = LaunchScreen.xib;
			sourceTree = "<group>";
		};
/* End PBXVariantGroup section */

/* Begin XCBuildConfiguration section */
		928A426F1B9467B20038726E /* Debug */ = {
			isa = XCBuildConfiguration;
			buildSettings = {
				ALWAYS_SEARCH_USER_PATHS = NO;
				CLANG_CXX_LANGUAGE_STANDARD = "gnu++0x";
				CLANG_CXX_LIBRARY = "libc++";
				CLANG_ENABLE_MODULES = YES;
				CLANG_ENABLE_OBJC_ARC = YES;
				CLANG_WARN_BOOL_CONVERSION = YES;
				CLANG_WARN_CONSTANT_CONVERSION = YES;
				CLANG_WARN_DIRECT_OBJC_ISA_USAGE = YES_ERROR;
				CLANG_WARN_EMPTY_BODY = YES;
				CLANG_WARN_ENUM_CONVERSION = YES;
				CLANG_WARN_INT_CONVERSION = YES;
				CLANG_WARN_OBJC_ROOT_CLASS = YES_ERROR;
				CLANG_WARN_UNREACHABLE_CODE = YES;
				CLANG_WARN__DUPLICATE_METHOD_MATCH = YES;
				"CODE_SIGN_IDENTITY[sdk=iphoneos*]" = "iPhone Developer";
				COPY_PHASE_STRIP = NO;
				DEBUG_INFORMATION_FORMAT = "dwarf-with-dsym";
				ENABLE_STRICT_OBJC_MSGSEND = YES;
				GCC_C_LANGUAGE_STANDARD = gnu99;
				GCC_DYNAMIC_NO_PIC = NO;
				GCC_NO_COMMON_BLOCKS = YES;
				GCC_OPTIMIZATION_LEVEL = 0;
				GCC_PREPROCESSOR_DEFINITIONS = (
					"DEBUG=1",
					"$(inherited)",
				);
				GCC_SYMBOLS_PRIVATE_EXTERN = NO;
				GCC_WARN_64_TO_32_BIT_CONVERSION = YES;
				GCC_WARN_ABOUT_RETURN_TYPE = YES_ERROR;
				GCC_WARN_UNDECLARED_SELECTOR = YES;
				GCC_WARN_UNINITIALIZED_AUTOS = YES_AGGRESSIVE;
				GCC_WARN_UNUSED_FUNCTION = YES;
				GCC_WARN_UNUSED_VARIABLE = YES;
				IPHONEOS_DEPLOYMENT_TARGET = 8.4;
				MTL_ENABLE_DEBUG_INFO = YES;
				ONLY_ACTIVE_ARCH = YES;
				SDKROOT = iphoneos;
				SWIFT_OPTIMIZATION_LEVEL = "-Onone";
			};
			name = Debug;
		};
		928A42701B9467B20038726E /* Release */ = {
			isa = XCBuildConfiguration;
			buildSettings = {
				ALWAYS_SEARCH_USER_PATHS = NO;
				CLANG_CXX_LANGUAGE_STANDARD = "gnu++0x";
				CLANG_CXX_LIBRARY = "libc++";
				CLANG_ENABLE_MODULES = YES;
				CLANG_ENABLE_OBJC_ARC = YES;
				CLANG_WARN_BOOL_CONVERSION = YES;
				CLANG_WARN_CONSTANT_CONVERSION = YES;
				CLANG_WARN_DIRECT_OBJC_ISA_USAGE = YES_ERROR;
				CLANG_WARN_EMPTY_BODY = YES;
				CLANG_WARN_ENUM_CONVERSION = YES;
				CLANG_WARN_INT_CONVERSION = YES;
				CLANG_WARN_OBJC_ROOT_CLASS = YES_ERROR;
				CLANG_WARN_UNREACHABLE_CODE = YES;
				CLANG_WARN__DUPLICATE_METHOD_MATCH = YES;
				"CODE_SIGN_IDENTITY[sdk=iphoneos*]" = "iPhone Developer";
				COPY_PHASE_STRIP = NO;
				DEBUG_INFORMATION_FORMAT = "dwarf-with-dsym";
				ENABLE_NS_ASSERTIONS = NO;
				ENABLE_STRICT_OBJC_MSGSEND = YES;
				GCC_C_LANGUAGE_STANDARD = gnu99;
				GCC_NO_COMMON_BLOCKS = YES;
				GCC_WARN_64_TO_32_BIT_CONVERSION = YES;
				GCC_WARN_ABOUT_RETURN_TYPE = YES_ERROR;
				GCC_WARN_UNDECLARED_SELECTOR = YES;
				GCC_WARN_UNINITIALIZED_AUTOS = YES_AGGRESSIVE;
				GCC_WARN_UNUSED_FUNCTION = YES;
				GCC_WARN_UNUSED_VARIABLE = YES;
				IPHONEOS_DEPLOYMENT_TARGET = 8.4;
				MTL_ENABLE_DEBUG_INFO = NO;
				SDKROOT = iphoneos;
				VALIDATE_PRODUCT = YES;
			};
			name = Release;
		};
		928A42721B9467B20038726E /* Debug */ = {
			isa = XCBuildConfiguration;
			baseConfigurationReference = F11A9137C6CB2CFBB6A587FD /* Pods-CookBook.debug.xcconfig */;
			buildSettings = {
				ASSETCATALOG_COMPILER_APPICON_NAME = AppIcon;
				CODE_SIGN_IDENTITY = "iPhone Developer";
				"CODE_SIGN_IDENTITY[sdk=iphoneos*]" = "iPhone Developer";
				INFOPLIST_FILE = CookBook/Info.plist;
				IPHONEOS_DEPLOYMENT_TARGET = 9.0;
				LD_RUNPATH_SEARCH_PATHS = "$(inherited) @executable_path/Frameworks";
				PRODUCT_NAME = "$(TARGET_NAME)";
				PROVISIONING_PROFILE = "";
				TARGETED_DEVICE_FAMILY = "1,2";
			};
			name = Debug;
		};
		928A42731B9467B20038726E /* Release */ = {
			isa = XCBuildConfiguration;
			baseConfigurationReference = 0D0D61504AEFF14409B5942D /* Pods-CookBook.release.xcconfig */;
			buildSettings = {
				ASSETCATALOG_COMPILER_APPICON_NAME = AppIcon;
				CODE_SIGN_IDENTITY = "iPhone Developer";
				"CODE_SIGN_IDENTITY[sdk=iphoneos*]" = "iPhone Developer";
				INFOPLIST_FILE = CookBook/Info.plist;
				IPHONEOS_DEPLOYMENT_TARGET = 9.0;
				LD_RUNPATH_SEARCH_PATHS = "$(inherited) @executable_path/Frameworks";
				PRODUCT_NAME = "$(TARGET_NAME)";
				PROVISIONING_PROFILE = "";
				TARGETED_DEVICE_FAMILY = "1,2";
			};
			name = Release;
		};
		928A42751B9467B20038726E /* Debug */ = {
			isa = XCBuildConfiguration;
			buildSettings = {
				BUNDLE_LOADER = "$(TEST_HOST)";
				FRAMEWORK_SEARCH_PATHS = (
					"$(SDKROOT)/Developer/Library/Frameworks",
					"$(inherited)",
				);
				GCC_PREPROCESSOR_DEFINITIONS = (
					"DEBUG=1",
					"$(inherited)",
				);
				INFOPLIST_FILE = CookBookTests/Info.plist;
				LD_RUNPATH_SEARCH_PATHS = "$(inherited) @executable_path/Frameworks @loader_path/Frameworks";
				PRODUCT_NAME = "$(TARGET_NAME)";
				TEST_HOST = "$(BUILT_PRODUCTS_DIR)/CookBook.app/CookBook";
			};
			name = Debug;
		};
		928A42761B9467B20038726E /* Release */ = {
			isa = XCBuildConfiguration;
			buildSettings = {
				BUNDLE_LOADER = "$(TEST_HOST)";
				FRAMEWORK_SEARCH_PATHS = (
					"$(SDKROOT)/Developer/Library/Frameworks",
					"$(inherited)",
				);
				INFOPLIST_FILE = CookBookTests/Info.plist;
				LD_RUNPATH_SEARCH_PATHS = "$(inherited) @executable_path/Frameworks @loader_path/Frameworks";
				PRODUCT_NAME = "$(TARGET_NAME)";
				TEST_HOST = "$(BUILT_PRODUCTS_DIR)/CookBook.app/CookBook";
			};
			name = Release;
		};
/* End XCBuildConfiguration section */

/* Begin XCConfigurationList section */
		928A424D1B9467B20038726E /* Build configuration list for PBXProject "CookBook" */ = {
			isa = XCConfigurationList;
			buildConfigurations = (
				928A426F1B9467B20038726E /* Debug */,
				928A42701B9467B20038726E /* Release */,
			);
			defaultConfigurationIsVisible = 0;
			defaultConfigurationName = Release;
		};
		928A42711B9467B20038726E /* Build configuration list for PBXNativeTarget "CookBook" */ = {
			isa = XCConfigurationList;
			buildConfigurations = (
				928A42721B9467B20038726E /* Debug */,
				928A42731B9467B20038726E /* Release */,
			);
			defaultConfigurationIsVisible = 0;
			defaultConfigurationName = Release;
		};
		928A42741B9467B20038726E /* Build configuration list for PBXNativeTarget "CookBookTests" */ = {
			isa = XCConfigurationList;
			buildConfigurations = (
				928A42751B9467B20038726E /* Debug */,
				928A42761B9467B20038726E /* Release */,
			);
			defaultConfigurationIsVisible = 0;
			defaultConfigurationName = Release;
		};
/* End XCConfigurationList section */
	};
	rootObject = 928A424A1B9467B20038726E /* Project object */;
}
